// !$*UTF8*$!
{
	archiveVersion = 1;
	classes = {
	};
	objectVersion = 46;
	objects = {

/* Begin PBXBuildFile section */
		681ECBBF1E5754F70035A82D /* BaseProvider.swift in Sources */ = {isa = PBXBuildFile; fileRef = 681ECBBE1E5754F70035A82D /* BaseProvider.swift */; };
		681ECBC11E57551B0035A82D /* FlickrProvider.swift in Sources */ = {isa = PBXBuildFile; fileRef = 681ECBC01E57551B0035A82D /* FlickrProvider.swift */; };
		681ECBC41E5755650035A82D /* Photo.swift in Sources */ = {isa = PBXBuildFile; fileRef = 681ECBC31E5755650035A82D /* Photo.swift */; };
		681ECBCA1E5758720035A82D /* ImageDownloader.swift in Sources */ = {isa = PBXBuildFile; fileRef = 681ECBC91E5758720035A82D /* ImageDownloader.swift */; };
		684928121E5B030F008405F6 /* PhotoViewCell.swift in Sources */ = {isa = PBXBuildFile; fileRef = 684928111E5B030F008405F6 /* PhotoViewCell.swift */; };
		686186991E5B10950007ACEA /* STArchLoading.swift in Sources */ = {isa = PBXBuildFile; fileRef = 686186901E5B10950007ACEA /* STArchLoading.swift */; };
		6861869A1E5B10950007ACEA /* STBouncyPreloaderLoading.swift in Sources */ = {isa = PBXBuildFile; fileRef = 686186911E5B10950007ACEA /* STBouncyPreloaderLoading.swift */; };
		6861869B1E5B10950007ACEA /* STGlassesLoading.swift in Sources */ = {isa = PBXBuildFile; fileRef = 686186921E5B10950007ACEA /* STGlassesLoading.swift */; };
		6861869C1E5B10950007ACEA /* STSubmitLoading.swift in Sources */ = {isa = PBXBuildFile; fileRef = 686186931E5B10950007ACEA /* STSubmitLoading.swift */; };
		6861869D1E5B10950007ACEA /* STTriangleLoading.swift in Sources */ = {isa = PBXBuildFile; fileRef = 686186941E5B10950007ACEA /* STTriangleLoading.swift */; };
		6861869E1E5B10950007ACEA /* STWalkLoading.swift in Sources */ = {isa = PBXBuildFile; fileRef = 686186951E5B10950007ACEA /* STWalkLoading.swift */; };
		6861869F1E5B10950007ACEA /* STZhiHuLoading.swift in Sources */ = {isa = PBXBuildFile; fileRef = 686186961E5B10950007ACEA /* STZhiHuLoading.swift */; };
		686186A01E5B10950007ACEA /* STLoadingable.swift in Sources */ = {isa = PBXBuildFile; fileRef = 686186971E5B10950007ACEA /* STLoadingable.swift */; };
		686186A11E5B10950007ACEA /* STLoadingGroup.swift in Sources */ = {isa = PBXBuildFile; fileRef = 686186981E5B10950007ACEA /* STLoadingGroup.swift */; };
		68BB9B011E57506A00089803 /* AppDelegate.swift in Sources */ = {isa = PBXBuildFile; fileRef = 68BB9B001E57506A00089803 /* AppDelegate.swift */; };
		68BB9B031E57506A00089803 /* GalleryViewController.swift in Sources */ = {isa = PBXBuildFile; fileRef = 68BB9B021E57506A00089803 /* GalleryViewController.swift */; };
		68BB9B061E57506A00089803 /* Main.storyboard in Resources */ = {isa = PBXBuildFile; fileRef = 68BB9B041E57506A00089803 /* Main.storyboard */; };
		68BB9B081E57506A00089803 /* Assets.xcassets in Resources */ = {isa = PBXBuildFile; fileRef = 68BB9B071E57506A00089803 /* Assets.xcassets */; };
		68BB9B0B1E57506A00089803 /* LaunchScreen.storyboard in Resources */ = {isa = PBXBuildFile; fileRef = 68BB9B091E57506A00089803 /* LaunchScreen.storyboard */; };
		68D1CF251E5B0A5100ACD556 /* GalleryDetailViewController.swift in Sources */ = {isa = PBXBuildFile; fileRef = 68D1CF241E5B0A5100ACD556 /* GalleryDetailViewController.swift */; };
		68D1CF271E5B0D3E00ACD556 /* PinterestProvider.swift in Sources */ = {isa = PBXBuildFile; fileRef = 68D1CF261E5B0D3E00ACD556 /* PinterestProvider.swift */; };
		E2DB872061B0AAA73EFC3921 /* Pods_PhotoGallery.framework in Frameworks */ = {isa = PBXBuildFile; fileRef = DE8C52748B6A7231C56709EC /* Pods_PhotoGallery.framework */; };
/* End PBXBuildFile section */

/* Begin PBXFileReference section */
		193568BB3270B8182DD95D76 /* Pods-PhotoGallery.release.xcconfig */ = {isa = PBXFileReference; includeInIndex = 1; lastKnownFileType = text.xcconfig; name = "Pods-PhotoGallery.release.xcconfig"; path = "Pods/Target Support Files/Pods-PhotoGallery/Pods-PhotoGallery.release.xcconfig"; sourceTree = "<group>"; };
		681ECBBE1E5754F70035A82D /* BaseProvider.swift */ = {isa = PBXFileReference; fileEncoding = 4; lastKnownFileType = sourcecode.swift; path = BaseProvider.swift; sourceTree = "<group>"; };
		681ECBC01E57551B0035A82D /* FlickrProvider.swift */ = {isa = PBXFileReference; fileEncoding = 4; lastKnownFileType = sourcecode.swift; path = FlickrProvider.swift; sourceTree = "<group>"; };
		681ECBC31E5755650035A82D /* Photo.swift */ = {isa = PBXFileReference; fileEncoding = 4; lastKnownFileType = sourcecode.swift; path = Photo.swift; sourceTree = "<group>"; };
		681ECBC91E5758720035A82D /* ImageDownloader.swift */ = {isa = PBXFileReference; fileEncoding = 4; lastKnownFileType = sourcecode.swift; path = ImageDownloader.swift; sourceTree = "<group>"; };
		684928111E5B030F008405F6 /* PhotoViewCell.swift */ = {isa = PBXFileReference; fileEncoding = 4; lastKnownFileType = sourcecode.swift; path = PhotoViewCell.swift; sourceTree = "<group>"; };
		686186901E5B10950007ACEA /* STArchLoading.swift */ = {isa = PBXFileReference; fileEncoding = 4; lastKnownFileType = sourcecode.swift; path = STArchLoading.swift; sourceTree = "<group>"; };
		686186911E5B10950007ACEA /* STBouncyPreloaderLoading.swift */ = {isa = PBXFileReference; fileEncoding = 4; lastKnownFileType = sourcecode.swift; path = STBouncyPreloaderLoading.swift; sourceTree = "<group>"; };
		686186921E5B10950007ACEA /* STGlassesLoading.swift */ = {isa = PBXFileReference; fileEncoding = 4; lastKnownFileType = sourcecode.swift; path = STGlassesLoading.swift; sourceTree = "<group>"; };
		686186931E5B10950007ACEA /* STSubmitLoading.swift */ = {isa = PBXFileReference; fileEncoding = 4; lastKnownFileType = sourcecode.swift; path = STSubmitLoading.swift; sourceTree = "<group>"; };
		686186941E5B10950007ACEA /* STTriangleLoading.swift */ = {isa = PBXFileReference; fileEncoding = 4; lastKnownFileType = sourcecode.swift; path = STTriangleLoading.swift; sourceTree = "<group>"; };
		686186951E5B10950007ACEA /* STWalkLoading.swift */ = {isa = PBXFileReference; fileEncoding = 4; lastKnownFileType = sourcecode.swift; path = STWalkLoading.swift; sourceTree = "<group>"; };
		686186961E5B10950007ACEA /* STZhiHuLoading.swift */ = {isa = PBXFileReference; fileEncoding = 4; lastKnownFileType = sourcecode.swift; path = STZhiHuLoading.swift; sourceTree = "<group>"; };
		686186971E5B10950007ACEA /* STLoadingable.swift */ = {isa = PBXFileReference; fileEncoding = 4; lastKnownFileType = sourcecode.swift; path = STLoadingable.swift; sourceTree = "<group>"; };
		686186981E5B10950007ACEA /* STLoadingGroup.swift */ = {isa = PBXFileReference; fileEncoding = 4; lastKnownFileType = sourcecode.swift; path = STLoadingGroup.swift; sourceTree = "<group>"; };
		68BB9AFD1E57506A00089803 /* PhotoGallery.app */ = {isa = PBXFileReference; explicitFileType = wrapper.application; includeInIndex = 0; path = PhotoGallery.app; sourceTree = BUILT_PRODUCTS_DIR; };
		68BB9B001E57506A00089803 /* AppDelegate.swift */ = {isa = PBXFileReference; lastKnownFileType = sourcecode.swift; path = AppDelegate.swift; sourceTree = "<group>"; };
		68BB9B021E57506A00089803 /* GalleryViewController.swift */ = {isa = PBXFileReference; lastKnownFileType = sourcecode.swift; path = GalleryViewController.swift; sourceTree = "<group>"; };
		68BB9B051E57506A00089803 /* Base */ = {isa = PBXFileReference; lastKnownFileType = file.storyboard; name = Base; path = Base.lproj/Main.storyboard; sourceTree = "<group>"; };
		68BB9B071E57506A00089803 /* Assets.xcassets */ = {isa = PBXFileReference; lastKnownFileType = folder.assetcatalog; path = Assets.xcassets; sourceTree = "<group>"; };
		68BB9B0A1E57506A00089803 /* Base */ = {isa = PBXFileReference; lastKnownFileType = file.storyboard; name = Base; path = Base.lproj/LaunchScreen.storyboard; sourceTree = "<group>"; };
		68BB9B0C1E57506A00089803 /* Info.plist */ = {isa = PBXFileReference; lastKnownFileType = text.plist.xml; path = Info.plist; sourceTree = "<group>"; };
		68D1CF241E5B0A5100ACD556 /* GalleryDetailViewController.swift */ = {isa = PBXFileReference; fileEncoding = 4; lastKnownFileType = sourcecode.swift; path = GalleryDetailViewController.swift; sourceTree = "<group>"; };
		68D1CF261E5B0D3E00ACD556 /* PinterestProvider.swift */ = {isa = PBXFileReference; fileEncoding = 4; lastKnownFileType = sourcecode.swift; path = PinterestProvider.swift; sourceTree = "<group>"; };
		9C5A404A17DB03276B746965 /* Pods-PhotoGallery.debug.xcconfig */ = {isa = PBXFileReference; includeInIndex = 1; lastKnownFileType = text.xcconfig; name = "Pods-PhotoGallery.debug.xcconfig"; path = "Pods/Target Support Files/Pods-PhotoGallery/Pods-PhotoGallery.debug.xcconfig"; sourceTree = "<group>"; };
		DE8C52748B6A7231C56709EC /* Pods_PhotoGallery.framework */ = {isa = PBXFileReference; explicitFileType = wrapper.framework; includeInIndex = 0; path = Pods_PhotoGallery.framework; sourceTree = BUILT_PRODUCTS_DIR; };
/* End PBXFileReference section */

/* Begin PBXFrameworksBuildPhase section */
		68BB9AFA1E57506900089803 /* Frameworks */ = {
			isa = PBXFrameworksBuildPhase;
			buildActionMask = 2147483647;
			files = (
				E2DB872061B0AAA73EFC3921 /* Pods_PhotoGallery.framework in Frameworks */,
			);
			runOnlyForDeploymentPostprocessing = 0;
		};
/* End PBXFrameworksBuildPhase section */

/* Begin PBXGroup section */
		681ECBBC1E5754E20035A82D /* API */ = {
			isa = PBXGroup;
			children = (
				681ECBC21E57555B0035A82D /* Generics */,
				681ECBBD1E5754E70035A82D /* Providers */,
				681ECBC91E5758720035A82D /* ImageDownloader.swift */,
			);
			name = API;
			sourceTree = "<group>";
		};
		681ECBBD1E5754E70035A82D /* Providers */ = {
			isa = PBXGroup;
			children = (
				681ECBC01E57551B0035A82D /* FlickrProvider.swift */,
				68D1CF261E5B0D3E00ACD556 /* PinterestProvider.swift */,
				681ECBBE1E5754F70035A82D /* BaseProvider.swift */,
			);
			name = Providers;
			sourceTree = "<group>";
		};
		681ECBC21E57555B0035A82D /* Generics */ = {
			isa = PBXGroup;
			children = (
				681ECBC31E5755650035A82D /* Photo.swift */,
			);
			name = Generics;
			sourceTree = "<group>";
		};
		6861868D1E5B10860007ACEA /* Libraries */ = {
			isa = PBXGroup;
			children = (
				6861868E1E5B10950007ACEA /* STLoadingGroup */,
			);
			name = Libraries;
			sourceTree = "<group>";
		};
		6861868E1E5B10950007ACEA /* STLoadingGroup */ = {
			isa = PBXGroup;
			children = (
				6861868F1E5B10950007ACEA /* Loading */,
				686186971E5B10950007ACEA /* STLoadingable.swift */,
				686186981E5B10950007ACEA /* STLoadingGroup.swift */,
			);
			path = STLoadingGroup;
			sourceTree = "<group>";
		};
		6861868F1E5B10950007ACEA /* Loading */ = {
			isa = PBXGroup;
			children = (
				686186901E5B10950007ACEA /* STArchLoading.swift */,
				686186911E5B10950007ACEA /* STBouncyPreloaderLoading.swift */,
				686186921E5B10950007ACEA /* STGlassesLoading.swift */,
				686186931E5B10950007ACEA /* STSubmitLoading.swift */,
				686186941E5B10950007ACEA /* STTriangleLoading.swift */,
				686186951E5B10950007ACEA /* STWalkLoading.swift */,
				686186961E5B10950007ACEA /* STZhiHuLoading.swift */,
			);
			path = Loading;
			sourceTree = "<group>";
		};
		68BB9AF41E57506900089803 = {
			isa = PBXGroup;
			children = (
				68BB9AFF1E57506A00089803 /* PhotoGallery */,
				68BB9AFE1E57506A00089803 /* Products */,
				EE965A43A8F31BC02D6820E1 /* Pods */,
				71BE625D1F75E19154C56DB7 /* Frameworks */,
			);
			sourceTree = "<group>";
		};
		68BB9AFE1E57506A00089803 /* Products */ = {
			isa = PBXGroup;
			children = (
				68BB9AFD1E57506A00089803 /* PhotoGallery.app */,
			);
			name = Products;
			sourceTree = "<group>";
		};
		68BB9AFF1E57506A00089803 /* PhotoGallery */ = {
			isa = PBXGroup;
			children = (
				68D1CF281E5B0D8F00ACD556 /* App */,
				681ECBBC1E5754E20035A82D /* API */,
				68BB9B021E57506A00089803 /* GalleryViewController.swift */,
				68D1CF241E5B0A5100ACD556 /* GalleryDetailViewController.swift */,
				684928111E5B030F008405F6 /* PhotoViewCell.swift */,
				68BB9B041E57506A00089803 /* Main.storyboard */,
				6861868D1E5B10860007ACEA /* Libraries */,
			);
			path = PhotoGallery;
			sourceTree = "<group>";
		};
		68D1CF281E5B0D8F00ACD556 /* App */ = {
			isa = PBXGroup;
			children = (
				68BB9B001E57506A00089803 /* AppDelegate.swift */,
				68BB9B071E57506A00089803 /* Assets.xcassets */,
				68BB9B091E57506A00089803 /* LaunchScreen.storyboard */,
				68BB9B0C1E57506A00089803 /* Info.plist */,
			);
			name = App;
			sourceTree = "<group>";
		};
		71BE625D1F75E19154C56DB7 /* Frameworks */ = {
			isa = PBXGroup;
			children = (
				DE8C52748B6A7231C56709EC /* Pods_PhotoGallery.framework */,
			);
			name = Frameworks;
			sourceTree = "<group>";
		};
		EE965A43A8F31BC02D6820E1 /* Pods */ = {
			isa = PBXGroup;
			children = (
				9C5A404A17DB03276B746965 /* Pods-PhotoGallery.debug.xcconfig */,
				193568BB3270B8182DD95D76 /* Pods-PhotoGallery.release.xcconfig */,
			);
			name = Pods;
			sourceTree = "<group>";
		};
/* End PBXGroup section */

/* Begin PBXNativeTarget section */
		68BB9AFC1E57506900089803 /* PhotoGallery */ = {
			isa = PBXNativeTarget;
			buildConfigurationList = 68BB9B0F1E57506A00089803 /* Build configuration list for PBXNativeTarget "PhotoGallery" */;
			buildPhases = (
				030BAF87548C4CFF27271FE9 /* [CP] Check Pods Manifest.lock */,
				68BB9AF91E57506900089803 /* Sources */,
				68BB9AFA1E57506900089803 /* Frameworks */,
				68BB9AFB1E57506900089803 /* Resources */,
				D718B703C037BCF1178CFF0E /* [CP] Embed Pods Frameworks */,
				27C3029A2B47644403E0F850 /* [CP] Copy Pods Resources */,
			);
			buildRules = (
			);
			dependencies = (
			);
			name = PhotoGallery;
			productName = PhotoGallery;
			productReference = 68BB9AFD1E57506A00089803 /* PhotoGallery.app */;
			productType = "com.apple.product-type.application";
		};
/* End PBXNativeTarget section */

/* Begin PBXProject section */
		68BB9AF51E57506900089803 /* Project object */ = {
			isa = PBXProject;
			attributes = {
				LastSwiftUpdateCheck = 0820;
				LastUpgradeCheck = 0820;
				ORGANIZATIONNAME = photogallery;
				TargetAttributes = {
					68BB9AFC1E57506900089803 = {
						CreatedOnToolsVersion = 8.2.1;
						ProvisioningStyle = Automatic;
					};
				};
			};
			buildConfigurationList = 68BB9AF81E57506900089803 /* Build configuration list for PBXProject "PhotoGallery" */;
			compatibilityVersion = "Xcode 3.2";
			developmentRegion = English;
			hasScannedForEncodings = 0;
			knownRegions = (
				en,
				Base,
			);
			mainGroup = 68BB9AF41E57506900089803;
			productRefGroup = 68BB9AFE1E57506A00089803 /* Products */;
			projectDirPath = "";
			projectRoot = "";
			targets = (
				68BB9AFC1E57506900089803 /* PhotoGallery */,
			);
		};
/* End PBXProject section */

/* Begin PBXResourcesBuildPhase section */
		68BB9AFB1E57506900089803 /* Resources */ = {
			isa = PBXResourcesBuildPhase;
			buildActionMask = 2147483647;
			files = (
				68BB9B0B1E57506A00089803 /* LaunchScreen.storyboard in Resources */,
				68BB9B081E57506A00089803 /* Assets.xcassets in Resources */,
				68BB9B061E57506A00089803 /* Main.storyboard in Resources */,
			);
			runOnlyForDeploymentPostprocessing = 0;
		};
/* End PBXResourcesBuildPhase section */

/* Begin PBXShellScriptBuildPhase section */
		030BAF87548C4CFF27271FE9 /* [CP] Check Pods Manifest.lock */ = {
			isa = PBXShellScriptBuildPhase;
			buildActionMask = 2147483647;
			files = (
			);
			inputPaths = (
			);
			name = "[CP] Check Pods Manifest.lock";
			outputPaths = (
			);
			runOnlyForDeploymentPostprocessing = 0;
			shellPath = /bin/sh;
			shellScript = "diff \"${PODS_ROOT}/../Podfile.lock\" \"${PODS_ROOT}/Manifest.lock\" > /dev/null\nif [ $? != 0 ] ; then\n    # print error to STDERR\n    echo \"error: The sandbox is not in sync with the Podfile.lock. Run 'pod install' or update your CocoaPods installation.\" >&2\n    exit 1\nfi\n";
			showEnvVarsInLog = 0;
		};
		27C3029A2B47644403E0F850 /* [CP] Copy Pods Resources */ = {
			isa = PBXShellScriptBuildPhase;
			buildActionMask = 2147483647;
			files = (
			);
			inputPaths = (
			);
			name = "[CP] Copy Pods Resources";
			outputPaths = (
			);
			runOnlyForDeploymentPostprocessing = 0;
			shellPath = /bin/sh;
			shellScript = "\"${SRCROOT}/Pods/Target Support Files/Pods-PhotoGallery/Pods-PhotoGallery-resources.sh\"\n";
			showEnvVarsInLog = 0;
		};
		D718B703C037BCF1178CFF0E /* [CP] Embed Pods Frameworks */ = {
			isa = PBXShellScriptBuildPhase;
			buildActionMask = 2147483647;
			files = (
			);
			inputPaths = (
			);
			name = "[CP] Embed Pods Frameworks";
			outputPaths = (
			);
			runOnlyForDeploymentPostprocessing = 0;
			shellPath = /bin/sh;
			shellScript = "\"${SRCROOT}/Pods/Target Support Files/Pods-PhotoGallery/Pods-PhotoGallery-frameworks.sh\"\n";
			showEnvVarsInLog = 0;
		};
/* End PBXShellScriptBuildPhase section */

/* Begin PBXSourcesBuildPhase section */
		68BB9AF91E57506900089803 /* Sources */ = {
			isa = PBXSourcesBuildPhase;
			buildActionMask = 2147483647;
			files = (
				6861869E1E5B10950007ACEA /* STWalkLoading.swift in Sources */,
				684928121E5B030F008405F6 /* PhotoViewCell.swift in Sources */,
				68BB9B031E57506A00089803 /* GalleryViewController.swift in Sources */,
				68D1CF251E5B0A5100ACD556 /* GalleryDetailViewController.swift in Sources */,
				6861869D1E5B10950007ACEA /* STTriangleLoading.swift in Sources */,
				681ECBC11E57551B0035A82D /* FlickrProvider.swift in Sources */,
				6861869A1E5B10950007ACEA /* STBouncyPreloaderLoading.swift in Sources */,
				686186A11E5B10950007ACEA /* STLoadingGroup.swift in Sources */,
				6861869C1E5B10950007ACEA /* STSubmitLoading.swift in Sources */,
				686186A01E5B10950007ACEA /* STLoadingable.swift in Sources */,
				681ECBBF1E5754F70035A82D /* BaseProvider.swift in Sources */,
				68BB9B011E57506A00089803 /* AppDelegate.swift in Sources */,
				681ECBCA1E5758720035A82D /* ImageDownloader.swift in Sources */,
				6861869B1E5B10950007ACEA /* STGlassesLoading.swift in Sources */,
				6861869F1E5B10950007ACEA /* STZhiHuLoading.swift in Sources */,
				681ECBC41E5755650035A82D /* Photo.swift in Sources */,
				68D1CF271E5B0D3E00ACD556 /* PinterestProvider.swift in Sources */,
				686186991E5B10950007ACEA /* STArchLoading.swift in Sources */,
			);
			runOnlyForDeploymentPostprocessing = 0;
		};
/* End PBXSourcesBuildPhase section */

/* Begin PBXVariantGroup section */
		68BB9B041E57506A00089803 /* Main.storyboard */ = {
			isa = PBXVariantGroup;
			children = (
				68BB9B051E57506A00089803 /* Base */,
			);
			name = Main.storyboard;
			sourceTree = "<group>";
		};
		68BB9B091E57506A00089803 /* LaunchScreen.storyboard */ = {
			isa = PBXVariantGroup;
			children = (
				68BB9B0A1E57506A00089803 /* Base */,
			);
			name = LaunchScreen.storyboard;
			sourceTree = "<group>";
		};
/* End PBXVariantGroup section */

/* Begin XCBuildConfiguration section */
		68BB9B0D1E57506A00089803 /* Debug */ = {
			isa = XCBuildConfiguration;
			buildSettings = {
				ALWAYS_SEARCH_USER_PATHS = NO;
				CLANG_ANALYZER_NONNULL = YES;
				CLANG_CXX_LANGUAGE_STANDARD = "gnu++0x";
				CLANG_CXX_LIBRARY = "libc++";
				CLANG_ENABLE_MODULES = YES;
				CLANG_ENABLE_OBJC_ARC = YES;
				CLANG_WARN_BOOL_CONVERSION = YES;
				CLANG_WARN_CONSTANT_CONVERSION = YES;
				CLANG_WARN_DIRECT_OBJC_ISA_USAGE = YES_ERROR;
				CLANG_WARN_DOCUMENTATION_COMMENTS = YES;
				CLANG_WARN_EMPTY_BODY = YES;
				CLANG_WARN_ENUM_CONVERSION = YES;
				CLANG_WARN_INFINITE_RECURSION = YES;
				CLANG_WARN_INT_CONVERSION = YES;
				CLANG_WARN_OBJC_ROOT_CLASS = YES_ERROR;
				CLANG_WARN_SUSPICIOUS_MOVE = YES;
				CLANG_WARN_UNREACHABLE_CODE = YES;
				CLANG_WARN__DUPLICATE_METHOD_MATCH = YES;
				"CODE_SIGN_IDENTITY[sdk=iphoneos*]" = "iPhone Developer";
				COPY_PHASE_STRIP = NO;
				DEBUG_INFORMATION_FORMAT = dwarf;
				ENABLE_STRICT_OBJC_MSGSEND = YES;
				ENABLE_TESTABILITY = YES;
				GCC_C_LANGUAGE_STANDARD = gnu99;
				GCC_DYNAMIC_NO_PIC = NO;
				GCC_NO_COMMON_BLOCKS = YES;
				GCC_OPTIMIZATION_LEVEL = 0;
				GCC_PREPROCESSOR_DEFINITIONS = (
					"DEBUG=1",
					"$(inherited)",
				);
				GCC_WARN_64_TO_32_BIT_CONVERSION = YES;
				GCC_WARN_ABOUT_RETURN_TYPE = YES_ERROR;
				GCC_WARN_UNDECLARED_SELECTOR = YES;
				GCC_WARN_UNINITIALIZED_AUTOS = YES_AGGRESSIVE;
				GCC_WARN_UNUSED_FUNCTION = YES;
				GCC_WARN_UNUSED_VARIABLE = YES;
				IPHONEOS_DEPLOYMENT_TARGET = 10.2;
				MTL_ENABLE_DEBUG_INFO = YES;
				ONLY_ACTIVE_ARCH = YES;
				SDKROOT = iphoneos;
				SWIFT_ACTIVE_COMPILATION_CONDITIONS = DEBUG;
				SWIFT_OPTIMIZATION_LEVEL = "-Onone";
				TARGETED_DEVICE_FAMILY = "1,2";
			};
			name = Debug;
		};
		68BB9B0E1E57506A00089803 /* Release */ = {
			isa = XCBuildConfiguration;
			buildSettings = {
				ALWAYS_SEARCH_USER_PATHS = NO;
				CLANG_ANALYZER_NONNULL = YES;
				CLANG_CXX_LANGUAGE_STANDARD = "gnu++0x";
				CLANG_CXX_LIBRARY = "libc++";
				CLANG_ENABLE_MODULES = YES;
				CLANG_ENABLE_OBJC_ARC = YES;
				CLANG_WARN_BOOL_CONVERSION = YES;
				CLANG_WARN_CONSTANT_CONVERSION = YES;
				CLANG_WARN_DIRECT_OBJC_ISA_USAGE = YES_ERROR;
				CLANG_WARN_DOCUMENTATION_COMMENTS = YES;
				CLANG_WARN_EMPTY_BODY = YES;
				CLANG_WARN_ENUM_CONVERSION = YES;
				CLANG_WARN_INFINITE_RECURSION = YES;
				CLANG_WARN_INT_CONVERSION = YES;
				CLANG_WARN_OBJC_ROOT_CLASS = YES_ERROR;
				CLANG_WARN_SUSPICIOUS_MOVE = YES;
				CLANG_WARN_UNREACHABLE_CODE = YES;
				CLANG_WARN__DUPLICATE_METHOD_MATCH = YES;
				"CODE_SIGN_IDENTITY[sdk=iphoneos*]" = "iPhone Developer";
				COPY_PHASE_STRIP = NO;
				DEBUG_INFORMATION_FORMAT = "dwarf-with-dsym";
				ENABLE_NS_ASSERTIONS = NO;
				ENABLE_STRICT_OBJC_MSGSEND = YES;
				GCC_C_LANGUAGE_STANDARD = gnu99;
				GCC_NO_COMMON_BLOCKS = YES;
				GCC_WARN_64_TO_32_BIT_CONVERSION = YES;
				GCC_WARN_ABOUT_RETURN_TYPE = YES_ERROR;
				GCC_WARN_UNDECLARED_SELECTOR = YES;
				GCC_WARN_UNINITIALIZED_AUTOS = YES_AGGRESSIVE;
				GCC_WARN_UNUSED_FUNCTION = YES;
				GCC_WARN_UNUSED_VARIABLE = YES;
				IPHONEOS_DEPLOYMENT_TARGET = 10.2;
				MTL_ENABLE_DEBUG_INFO = NO;
				SDKROOT = iphoneos;
				SWIFT_OPTIMIZATION_LEVEL = "-Owholemodule";
				TARGETED_DEVICE_FAMILY = "1,2";
				VALIDATE_PRODUCT = YES;
			};
			name = Release;
		};
		68BB9B101E57506A00089803 /* Debug */ = {
			isa = XCBuildConfiguration;
			baseConfigurationReference = 9C5A404A17DB03276B746965 /* Pods-PhotoGallery.debug.xcconfig */;
			buildSettings = {
				ASSETCATALOG_COMPILER_APPICON_NAME = AppIcon;
				DEVELOPMENT_TEAM = "";
				INFOPLIST_FILE = PhotoGallery/Info.plist;
				IPHONEOS_DEPLOYMENT_TARGET = 8.0;
				LD_RUNPATH_SEARCH_PATHS = "$(inherited) @executable_path/Frameworks";
				PRODUCT_BUNDLE_IDENTIFIER = photogallery.PhotoGallery;
				PRODUCT_NAME = "$(TARGET_NAME)";
				SWIFT_VERSION = 3.0;
				TARGETED_DEVICE_FAMILY = 1;
			};
			name = Debug;
		};
		68BB9B111E57506A00089803 /* Release */ = {
			isa = XCBuildConfiguration;
			baseConfigurationReference = 193568BB3270B8182DD95D76 /* Pods-PhotoGallery.release.xcconfig */;
			buildSettings = {
				ASSETCATALOG_COMPILER_APPICON_NAME = AppIcon;
				DEVELOPMENT_TEAM = "";
				INFOPLIST_FILE = PhotoGallery/Info.plist;
				IPHONEOS_DEPLOYMENT_TARGET = 8.0;
				LD_RUNPATH_SEARCH_PATHS = "$(inherited) @executable_path/Frameworks";
				PRODUCT_BUNDLE_IDENTIFIER = photogallery.PhotoGallery;
				PRODUCT_NAME = "$(TARGET_NAME)";
				SWIFT_VERSION = 3.0;
				TARGETED_DEVICE_FAMILY = 1;
			};
			name = Release;
		};
/* End XCBuildConfiguration section */

/* Begin XCConfigurationList section */
		68BB9AF81E57506900089803 /* Build configuration list for PBXProject "PhotoGallery" */ = {
			isa = XCConfigurationList;
			buildConfigurations = (
				68BB9B0D1E57506A00089803 /* Debug */,
				68BB9B0E1E57506A00089803 /* Release */,
			);
			defaultConfigurationIsVisible = 0;
			defaultConfigurationName = Release;
		};
		68BB9B0F1E57506A00089803 /* Build configuration list for PBXNativeTarget "PhotoGallery" */ = {
			isa = XCConfigurationList;
			buildConfigurations = (
				68BB9B101E57506A00089803 /* Debug */,
				68BB9B111E57506A00089803 /* Release */,
			);
			defaultConfigurationIsVisible = 0;
			defaultConfigurationName = Release;
		};
/* End XCConfigurationList section */
	};
	rootObject = 68BB9AF51E57506900089803 /* Project object */;
}
